
Microsoft Visual Studio Solution File, Format Version 12.00
# Visual Studio Version 17
VisualStudioVersion = 17.3.32922.545
MinimumVisualStudioVersion = 10.0.40219.1
Project("{FAE04EC0-301F-11D3-BF4B-00C04F79EFBC}") = "JetPack-Joyride", "JetPack-Joyride.csproj", "{F6AAC1E2-3AA5-4B6A-81EF-5A37C3C79E5C}"
EndProject
Global
	GlobalSection(SolutionConfigurationPlatforms) = preSolution
		Debug|Any CPU = Debug|Any CPU
		Release|Any CPU = Release|Any CPU
	EndGlobalSection
	GlobalSection(ProjectConfigurationPlatforms) = postSolution
		{F6AAC1E2-3AA5-4B6A-81EF-5A37C3C79E5C}.Debug|Any CPU.ActiveCfg = Debug|Any CPU
		{F6AAC1E2-3AA5-4B6A-81EF-5A37C3C79E5C}.Debug|Any CPU.Build.0 = Debug|Any CPU
		{F6AAC1E2-3AA5-4B6A-81EF-5A37C3C79E5C}.Release|Any CPU.ActiveCfg = Release|Any CPU
		{F6AAC1E2-3AA5-4B6A-81EF-5A37C3C79E5C}.Release|Any CPU.Build.0 = Release|Any CPU
	EndGlobalSection
	GlobalSection(SolutionProperties) = preSolution
		HideSolutionNode = FALSE
	EndGlobalSection
	GlobalSection(ExtensibilityGlobals) = postSolution
		SolutionGuid = {D131BD76-1CDD-4949-87C3-6AAB1E6C9B3D}
	EndGlobalSection
EndGlobal
