
Microsoft Visual Studio Solution File, Format Version 12.00
# Visual Studio Version 17
VisualStudioVersion = 17.3.32922.545
MinimumVisualStudioVersion = 10.0.40219.1
Project("{FAE04EC0-301F-11D3-BF4B-00C04F79EFBC}") = "DoddleJumps", "DoddleJumps.csproj", "{6FF7FE0C-FEB6-4E6E-A505-0D31A13F8899}"
EndProject
Global
	GlobalSection(SolutionConfigurationPlatforms) = preSolution
		Debug|Any CPU = Debug|Any CPU
		Release|Any CPU = Release|Any CPU
	EndGlobalSection
	GlobalSection(ProjectConfigurationPlatforms) = postSolution
		{6FF7FE0C-FEB6-4E6E-A505-0D31A13F8899}.Debug|Any CPU.ActiveCfg = Debug|Any CPU
		{6FF7FE0C-FEB6-4E6E-A505-0D31A13F8899}.Debug|Any CPU.Build.0 = Debug|Any CPU
		{6FF7FE0C-FEB6-4E6E-A505-0D31A13F8899}.Release|Any CPU.ActiveCfg = Release|Any CPU
		{6FF7FE0C-FEB6-4E6E-A505-0D31A13F8899}.Release|Any CPU.Build.0 = Release|Any CPU
	EndGlobalSection
	GlobalSection(SolutionProperties) = preSolution
		HideSolutionNode = FALSE
	EndGlobalSection
	GlobalSection(ExtensibilityGlobals) = postSolution
		SolutionGuid = {984687BC-8002-4C91-B006-DD0C40C77129}
	EndGlobalSection
EndGlobal
